{
  "version": "4",
  "specifiers": {
    "jsr:@hono/hono@*": "4.6.14",
    "jsr:@hono/hono@4.6.14": "4.6.14",
    "jsr:@std/dotenv@0.225.3": "0.225.3",
    "npm:@discordeno/bot@20.0.0": "20.0.0",
    "npm:@discordeno/gateway@20.0.0": "20.0.0",
    "npm:@discordeno/types@20.0.0": "20.0.0",
    "npm:dd-cache-proxy@2.5.0": "2.5.0_@discordeno+bot@20.0.0",
    "npm:zod@3.24.1": "3.24.1"
  },
  "jsr": {
    "@hono/hono@4.6.14": {
      "integrity": "b39a5488266adf448fb1081bc3071a0d05145e72f3ab3ff83cf140e780c6c1de"
    },
    "@std/dotenv@0.225.3": {
      "integrity": "a95e5b812c27b0854c52acbae215856d9cce9d4bbf774d938c51d212711e8d4a"
    }
  },
  "npm": {
    "@discordeno/bot@20.0.0": {
      "integrity": "sha512-fc5oBeI8LkDIkai0hgOz/g5ttmUOlNv2JqReiZcYk+Fs5V+fvWhLipvHJvE0Z1qjvgTguGjqCwoXyKeL5tFP6g==",
      "dependencies": [
        "@discordeno/gateway",
        "@discordeno/rest",
        "@discordeno/types",
        "@discordeno/utils"
      ]
    },
    "@discordeno/gateway@20.0.0": {
      "integrity": "sha512-S3CzIi7ZGvgsxm3otEuCuLT7q2QTgaqkoIbx+IBEUIUasZnvdORcReUyxQKSaSLtHhavR7duUJbLsO6FeNLbRg==",
      "dependencies": [
        "@discordeno/types",
        "@discordeno/utils",
        "fzstd",
        "ws"
      ]
    },
    "@discordeno/rest@20.0.0": {
      "integrity": "sha512-ZZ5ecWmWSgRvDlGiT2yzhfGQ0wynF8lmHqqjcn+zEpYrsUMk9F9WBUqSDqiIWSABU82vyqqTGiOB1NEDcQ86og==",
      "dependencies": [
        "@discordeno/types",
        "@discordeno/utils"
      ]
    },
    "@discordeno/types@20.0.0": {
      "integrity": "sha512-1NC+VxxseXTF0BvPa8Xq8qIhSF7CZmQ4/5ahQ7/zshSEAqqq/TWooG7fPncPm9SCBJkGbGdzHJ2oh9OCKngoag=="
    },
    "@discordeno/utils@20.0.0": {
      "integrity": "sha512-Hku0nmgcnFI4GzznIbWeiJ1aLE/5/eQPnBIBlJNf2Zxg5yvOFE3XiEA6QpMQKexd01abe7C27rDyLCdvMqMdAQ==",
      "dependencies": [
        "@discordeno/types"
      ]
    },
    "dd-cache-proxy@2.5.0_@discordeno+bot@20.0.0": {
      "integrity": "sha512-eygZoZ8+qF3ITG4W4JRlee2/K/RPw6EUwUMgg/5+QE8N2JX9OJ6+i5zRIV8bxImDC6Qp79MItV2CJafwcy5xiA==",
      "dependencies": [
        "@discordeno/bot"
      ]
    },
    "fzstd@0.1.1": {
      "integrity": "sha512-dkuVSOKKwh3eas5VkJy1AW1vFpet8TA/fGmVA5krThl8YcOVE/8ZIoEA1+U1vEn5ckxxhLirSdY837azmbaNHA=="
    },
    "ws@8.18.0": {
      "integrity": "sha512-8VbfWfHLbbwu3+N6OKsOMpBdT4kXPDDB9cJk2bJ6mh9ucxdlnNvH1e+roYkKmN9Nxw2yjz7VzeO9oOz2zJ04Pw=="
    },
    "zod@3.24.1": {
      "integrity": "sha512-muH7gBL9sI1nciMZV67X5fTKKBLtwpZ5VBp1vsOQzj1MhrBZ4wlVCm3gedKZWLp0Oyel8sIGfeiz54Su+OVT+A=="
    }
  },
  "workspace": {
    "dependencies": [
      "jsr:@hono/hono@4.6.14",
      "jsr:@std/dotenv@0.225.3",
      "npm:@discordeno/bot@20.0.0",
      "npm:@discordeno/gateway@20.0.0",
      "npm:dd-cache-proxy@2.5.0",
      "npm:zod@3.24.1"
    ]
  }
}
